// !$*UTF8*$!
{
	archiveVersion = 1;
	classes = {
	};
	objectVersion = 55;
	objects = {

/* Begin PBXBuildFile section */
		3DDCE80969FCB0515E6C2E98 /* Pods_SimpleFoodRecommend.framework in Frameworks */ = {isa = PBXBuildFile; fileRef = B0D8102F5159F33B804D12A0 /* Pods_SimpleFoodRecommend.framework */; };
		BA1E9D6029A9F98E007463A0 /* NMapView.swift in Sources */ = {isa = PBXBuildFile; fileRef = BA1E9D5F29A9F98E007463A0 /* NMapView.swift */; };
		BA1E9D6229ABA268007463A0 /* LaunchScreen.swift in Sources */ = {isa = PBXBuildFile; fileRef = BA1E9D6129ABA268007463A0 /* LaunchScreen.swift */; };
		BA1E9D6429ABA3A0007463A0 /* Launch Screen.storyboard in Resources */ = {isa = PBXBuildFile; fileRef = BA1E9D6329ABA3A0007463A0 /* Launch Screen.storyboard */; };
		BAA77F1A29A6025D005E1DC2 /* SimpleFoodRecommendApp.swift in Sources */ = {isa = PBXBuildFile; fileRef = BAA77F1929A6025D005E1DC2 /* SimpleFoodRecommendApp.swift */; };
		BAA77F1C29A6025D005E1DC2 /* ContentView.swift in Sources */ = {isa = PBXBuildFile; fileRef = BAA77F1B29A6025D005E1DC2 /* ContentView.swift */; };
		BAA77F1E29A6025E005E1DC2 /* Assets.xcassets in Resources */ = {isa = PBXBuildFile; fileRef = BAA77F1D29A6025E005E1DC2 /* Assets.xcassets */; };
		BAA77F2129A6025E005E1DC2 /* Preview Assets.xcassets in Resources */ = {isa = PBXBuildFile; fileRef = BAA77F2029A6025E005E1DC2 /* Preview Assets.xcassets */; };
		BAA77F2829A649B4005E1DC2 /* MenuDataManager.swift in Sources */ = {isa = PBXBuildFile; fileRef = BAA77F2729A649B4005E1DC2 /* MenuDataManager.swift */; };
/* End PBXBuildFile section */

/* Begin PBXFileReference section */
		267C4007B583A9BE5CF3087A /* Pods-SimpleFoodRecommend.release.xcconfig */ = {isa = PBXFileReference; includeInIndex = 1; lastKnownFileType = text.xcconfig; name = "Pods-SimpleFoodRecommend.release.xcconfig"; path = "Target Support Files/Pods-SimpleFoodRecommend/Pods-SimpleFoodRecommend.release.xcconfig"; sourceTree = "<group>"; };
		3F21BD4778EB831395C29749 /* Pods-SimpleFoodRecommend.debug.xcconfig */ = {isa = PBXFileReference; includeInIndex = 1; lastKnownFileType = text.xcconfig; name = "Pods-SimpleFoodRecommend.debug.xcconfig"; path = "Target Support Files/Pods-SimpleFoodRecommend/Pods-SimpleFoodRecommend.debug.xcconfig"; sourceTree = "<group>"; };
		B0D8102F5159F33B804D12A0 /* Pods_SimpleFoodRecommend.framework */ = {isa = PBXFileReference; explicitFileType = wrapper.framework; includeInIndex = 0; path = Pods_SimpleFoodRecommend.framework; sourceTree = BUILT_PRODUCTS_DIR; };
		BA1E9D5829A8EA94007463A0 /* Info.plist */ = {isa = PBXFileReference; lastKnownFileType = text.plist; path = Info.plist; sourceTree = "<group>"; };
		BA1E9D5F29A9F98E007463A0 /* NMapView.swift */ = {isa = PBXFileReference; lastKnownFileType = sourcecode.swift; path = NMapView.swift; sourceTree = "<group>"; };
		BA1E9D6129ABA268007463A0 /* LaunchScreen.swift */ = {isa = PBXFileReference; lastKnownFileType = sourcecode.swift; path = LaunchScreen.swift; sourceTree = "<group>"; };
		BA1E9D6329ABA3A0007463A0 /* Launch Screen.storyboard */ = {isa = PBXFileReference; lastKnownFileType = file.storyboard; path = "Launch Screen.storyboard"; sourceTree = "<group>"; };
		BAA77F1629A6025D005E1DC2 /* SimpleFoodRecommend.app */ = {isa = PBXFileReference; explicitFileType = wrapper.application; includeInIndex = 0; path = SimpleFoodRecommend.app; sourceTree = BUILT_PRODUCTS_DIR; };
		BAA77F1929A6025D005E1DC2 /* SimpleFoodRecommendApp.swift */ = {isa = PBXFileReference; lastKnownFileType = sourcecode.swift; path = SimpleFoodRecommendApp.swift; sourceTree = "<group>"; };
		BAA77F1B29A6025D005E1DC2 /* ContentView.swift */ = {isa = PBXFileReference; lastKnownFileType = sourcecode.swift; path = ContentView.swift; sourceTree = "<group>"; };
		BAA77F1D29A6025E005E1DC2 /* Assets.xcassets */ = {isa = PBXFileReference; lastKnownFileType = folder.assetcatalog; path = Assets.xcassets; sourceTree = "<group>"; };
		BAA77F2029A6025E005E1DC2 /* Preview Assets.xcassets */ = {isa = PBXFileReference; lastKnownFileType = folder.assetcatalog; path = "Preview Assets.xcassets"; sourceTree = "<group>"; };
		BAA77F2729A649B4005E1DC2 /* MenuDataManager.swift */ = {isa = PBXFileReference; lastKnownFileType = sourcecode.swift; path = MenuDataManager.swift; sourceTree = "<group>"; };
/* End PBXFileReference section */

/* Begin PBXFrameworksBuildPhase section */
		BAA77F1329A6025D005E1DC2 /* Frameworks */ = {
			isa = PBXFrameworksBuildPhase;
			buildActionMask = 2147483647;
			files = (
				3DDCE80969FCB0515E6C2E98 /* Pods_SimpleFoodRecommend.framework in Frameworks */,
			);
			runOnlyForDeploymentPostprocessing = 0;
		};
/* End PBXFrameworksBuildPhase section */

/* Begin PBXGroup section */
		A83A34B4FE93B271B2A99DBA /* Pods */ = {
			isa = PBXGroup;
			children = (
				3F21BD4778EB831395C29749 /* Pods-SimpleFoodRecommend.debug.xcconfig */,
				267C4007B583A9BE5CF3087A /* Pods-SimpleFoodRecommend.release.xcconfig */,
			);
			path = Pods;
			sourceTree = "<group>";
		};
		BAA77F0D29A6025D005E1DC2 = {
			isa = PBXGroup;
			children = (
				BA1E9D6329ABA3A0007463A0 /* Launch Screen.storyboard */,
				BAA77F1829A6025D005E1DC2 /* SimpleFoodRecommend */,
				BAA77F1729A6025D005E1DC2 /* Products */,
				A83A34B4FE93B271B2A99DBA /* Pods */,
				E8462EBC4FC8AC81A62D48A9 /* Frameworks */,
			);
			sourceTree = "<group>";
		};
		BAA77F1729A6025D005E1DC2 /* Products */ = {
			isa = PBXGroup;
			children = (
				BAA77F1629A6025D005E1DC2 /* SimpleFoodRecommend.app */,
			);
			name = Products;
			sourceTree = "<group>";
		};
		BAA77F1829A6025D005E1DC2 /* SimpleFoodRecommend */ = {
			isa = PBXGroup;
			children = (
				BA1E9D5829A8EA94007463A0 /* Info.plist */,
				BAA77F1929A6025D005E1DC2 /* SimpleFoodRecommendApp.swift */,
				BAA77F1B29A6025D005E1DC2 /* ContentView.swift */,
				BA1E9D5F29A9F98E007463A0 /* NMapView.swift */,
				BAA77F2729A649B4005E1DC2 /* MenuDataManager.swift */,
				BA1E9D6129ABA268007463A0 /* LaunchScreen.swift */,
				BAA77F1D29A6025E005E1DC2 /* Assets.xcassets */,
				BAA77F1F29A6025E005E1DC2 /* Preview Content */,
			);
			path = SimpleFoodRecommend;
			sourceTree = "<group>";
		};
		BAA77F1F29A6025E005E1DC2 /* Preview Content */ = {
			isa = PBXGroup;
			children = (
				BAA77F2029A6025E005E1DC2 /* Preview Assets.xcassets */,
			);
			path = "Preview Content";
			sourceTree = "<group>";
		};
		E8462EBC4FC8AC81A62D48A9 /* Frameworks */ = {
			isa = PBXGroup;
			children = (
				B0D8102F5159F33B804D12A0 /* Pods_SimpleFoodRecommend.framework */,
			);
			name = Frameworks;
			sourceTree = "<group>";
		};
/* End PBXGroup section */

/* Begin PBXNativeTarget section */
		BAA77F1529A6025D005E1DC2 /* SimpleFoodRecommend */ = {
			isa = PBXNativeTarget;
			buildConfigurationList = BAA77F2429A6025E005E1DC2 /* Build configuration list for PBXNativeTarget "SimpleFoodRecommend" */;
			buildPhases = (
				248F2703BFA757EFDBB6EB1B /* [CP] Check Pods Manifest.lock */,
				BAA77F1229A6025D005E1DC2 /* Sources */,
				BAA77F1329A6025D005E1DC2 /* Frameworks */,
				BAA77F1429A6025D005E1DC2 /* Resources */,
				58B3933B15F22BBFEA389407 /* [CP] Embed Pods Frameworks */,
			);
			buildRules = (
			);
			dependencies = (
			);
			name = SimpleFoodRecommend;
			productName = SimpleFoodRecommend;
			productReference = BAA77F1629A6025D005E1DC2 /* SimpleFoodRecommend.app */;
			productType = "com.apple.product-type.application";
		};
/* End PBXNativeTarget section */

/* Begin PBXProject section */
		BAA77F0E29A6025D005E1DC2 /* Project object */ = {
			isa = PBXProject;
			attributes = {
				BuildIndependentTargetsInParallel = 1;
				LastSwiftUpdateCheck = 1420;
				LastUpgradeCheck = 1420;
				TargetAttributes = {
					BAA77F1529A6025D005E1DC2 = {
						CreatedOnToolsVersion = 14.2;
					};
				};
			};
			buildConfigurationList = BAA77F1129A6025D005E1DC2 /* Build configuration list for PBXProject "SimpleFoodRecommend" */;
			compatibilityVersion = "Xcode 13.0";
			developmentRegion = en;
			hasScannedForEncodings = 0;
			knownRegions = (
				en,
				Base,
			);
			mainGroup = BAA77F0D29A6025D005E1DC2;
			productRefGroup = BAA77F1729A6025D005E1DC2 /* Products */;
			projectDirPath = "";
			projectRoot = "";
			targets = (
				BAA77F1529A6025D005E1DC2 /* SimpleFoodRecommend */,
			);
		};
/* End PBXProject section */

/* Begin PBXResourcesBuildPhase section */
		BAA77F1429A6025D005E1DC2 /* Resources */ = {
			isa = PBXResourcesBuildPhase;
			buildActionMask = 2147483647;
			files = (
				BA1E9D6429ABA3A0007463A0 /* Launch Screen.storyboard in Resources */,
				BAA77F2129A6025E005E1DC2 /* Preview Assets.xcassets in Resources */,
				BAA77F1E29A6025E005E1DC2 /* Assets.xcassets in Resources */,
			);
			runOnlyForDeploymentPostprocessing = 0;
		};
/* End PBXResourcesBuildPhase section */

/* Begin PBXShellScriptBuildPhase section */
		248F2703BFA757EFDBB6EB1B /* [CP] Check Pods Manifest.lock */ = {
			isa = PBXShellScriptBuildPhase;
			buildActionMask = 2147483647;
			files = (
			);
			inputFileListPaths = (
			);
			inputPaths = (
				"${PODS_PODFILE_DIR_PATH}/Podfile.lock",
				"${PODS_ROOT}/Manifest.lock",
			);
			name = "[CP] Check Pods Manifest.lock";
			outputFileListPaths = (
			);
			outputPaths = (
				"$(DERIVED_FILE_DIR)/Pods-SimpleFoodRecommend-checkManifestLockResult.txt",
			);
			runOnlyForDeploymentPostprocessing = 0;
			shellPath = /bin/sh;
			shellScript = "diff \"${PODS_PODFILE_DIR_PATH}/Podfile.lock\" \"${PODS_ROOT}/Manifest.lock\" > /dev/null\nif [ $? != 0 ] ; then\n    # print error to STDERR\n    echo \"error: The sandbox is not in sync with the Podfile.lock. Run 'pod install' or update your CocoaPods installation.\" >&2\n    exit 1\nfi\n# This output is used by Xcode 'outputs' to avoid re-running this script phase.\necho \"SUCCESS\" > \"${SCRIPT_OUTPUT_FILE_0}\"\n";
			showEnvVarsInLog = 0;
		};
		58B3933B15F22BBFEA389407 /* [CP] Embed Pods Frameworks */ = {
			isa = PBXShellScriptBuildPhase;
			buildActionMask = 2147483647;
			files = (
			);
			inputFileListPaths = (
				"${PODS_ROOT}/Target Support Files/Pods-SimpleFoodRecommend/Pods-SimpleFoodRecommend-frameworks-${CONFIGURATION}-input-files.xcfilelist",
			);
			name = "[CP] Embed Pods Frameworks";
			outputFileListPaths = (
				"${PODS_ROOT}/Target Support Files/Pods-SimpleFoodRecommend/Pods-SimpleFoodRecommend-frameworks-${CONFIGURATION}-output-files.xcfilelist",
			);
			runOnlyForDeploymentPostprocessing = 0;
			shellPath = /bin/sh;
			shellScript = "\"${PODS_ROOT}/Target Support Files/Pods-SimpleFoodRecommend/Pods-SimpleFoodRecommend-frameworks.sh\"\n";
			showEnvVarsInLog = 0;
		};
/* End PBXShellScriptBuildPhase section */

/* Begin PBXSourcesBuildPhase section */
		BAA77F1229A6025D005E1DC2 /* Sources */ = {
			isa = PBXSourcesBuildPhase;
			buildActionMask = 2147483647;
			files = (
				BA1E9D6029A9F98E007463A0 /* NMapView.swift in Sources */,
				BAA77F2829A649B4005E1DC2 /* MenuDataManager.swift in Sources */,
				BA1E9D6229ABA268007463A0 /* LaunchScreen.swift in Sources */,
				BAA77F1C29A6025D005E1DC2 /* ContentView.swift in Sources */,
				BAA77F1A29A6025D005E1DC2 /* SimpleFoodRecommendApp.swift in Sources */,
			);
			runOnlyForDeploymentPostprocessing = 0;
		};
/* End PBXSourcesBuildPhase section */

/* Begin XCBuildConfiguration section */
		BAA77F2229A6025E005E1DC2 /* Debug */ = {
			isa = XCBuildConfiguration;
			buildSettings = {
				ALWAYS_SEARCH_USER_PATHS = NO;
				CLANG_ANALYZER_NONNULL = YES;
				CLANG_ANALYZER_NUMBER_OBJECT_CONVERSION = YES_AGGRESSIVE;
				CLANG_CXX_LANGUAGE_STANDARD = "gnu++20";
				CLANG_ENABLE_MODULES = YES;
				CLANG_ENABLE_OBJC_ARC = YES;
				CLANG_ENABLE_OBJC_WEAK = YES;
				CLANG_WARN_BLOCK_CAPTURE_AUTORELEASING = YES;
				CLANG_WARN_BOOL_CONVERSION = YES;
				CLANG_WARN_COMMA = YES;
				CLANG_WARN_CONSTANT_CONVERSION = YES;
				CLANG_WARN_DEPRECATED_OBJC_IMPLEMENTATIONS = YES;
				CLANG_WARN_DIRECT_OBJC_ISA_USAGE = YES_ERROR;
				CLANG_WARN_DOCUMENTATION_COMMENTS = YES;
				CLANG_WARN_EMPTY_BODY = YES;
				CLANG_WARN_ENUM_CONVERSION = YES;
				CLANG_WARN_INFINITE_RECURSION = YES;
				CLANG_WARN_INT_CONVERSION = YES;
				CLANG_WARN_NON_LITERAL_NULL_CONVERSION = YES;
				CLANG_WARN_OBJC_IMPLICIT_RETAIN_SELF = YES;
				CLANG_WARN_OBJC_LITERAL_CONVERSION = YES;
				CLANG_WARN_OBJC_ROOT_CLASS = YES_ERROR;
				CLANG_WARN_QUOTED_INCLUDE_IN_FRAMEWORK_HEADER = YES;
				CLANG_WARN_RANGE_LOOP_ANALYSIS = YES;
				CLANG_WARN_STRICT_PROTOTYPES = YES;
				CLANG_WARN_SUSPICIOUS_MOVE = YES;
				CLANG_WARN_UNGUARDED_AVAILABILITY = YES_AGGRESSIVE;
				CLANG_WARN_UNREACHABLE_CODE = YES;
				CLANG_WARN__DUPLICATE_METHOD_MATCH = YES;
				COPY_PHASE_STRIP = NO;
				DEBUG_INFORMATION_FORMAT = dwarf;
				ENABLE_STRICT_OBJC_MSGSEND = YES;
				ENABLE_TESTABILITY = YES;
				GCC_C_LANGUAGE_STANDARD = gnu11;
				GCC_DYNAMIC_NO_PIC = NO;
				GCC_NO_COMMON_BLOCKS = YES;
				GCC_OPTIMIZATION_LEVEL = 0;
				GCC_PREPROCESSOR_DEFINITIONS = (
					"DEBUG=1",
					"$(inherited)",
				);
				GCC_WARN_64_TO_32_BIT_CONVERSION = YES;
				GCC_WARN_ABOUT_RETURN_TYPE = YES_ERROR;
				GCC_WARN_UNDECLARED_SELECTOR = YES;
				GCC_WARN_UNINITIALIZED_AUTOS = YES_AGGRESSIVE;
				GCC_WARN_UNUSED_FUNCTION = YES;
				GCC_WARN_UNUSED_VARIABLE = YES;
				INFOPLIST_KEY_CFBundleDisplayName = "오늘의 밥";
				IPHONEOS_DEPLOYMENT_TARGET = 16.2;
				MTL_ENABLE_DEBUG_INFO = INCLUDE_SOURCE;
				MTL_FAST_MATH = YES;
				ONLY_ACTIVE_ARCH = YES;
				SDKROOT = iphoneos;
				SWIFT_ACTIVE_COMPILATION_CONDITIONS = DEBUG;
				SWIFT_OPTIMIZATION_LEVEL = "-Onone";
			};
			name = Debug;
		};
		BAA77F2329A6025E005E1DC2 /* Release */ = {
			isa = XCBuildConfiguration;
			buildSettings = {
				ALWAYS_SEARCH_USER_PATHS = NO;
				CLANG_ANALYZER_NONNULL = YES;
				CLANG_ANALYZER_NUMBER_OBJECT_CONVERSION = YES_AGGRESSIVE;
				CLANG_CXX_LANGUAGE_STANDARD = "gnu++20";
				CLANG_ENABLE_MODULES = YES;
				CLANG_ENABLE_OBJC_ARC = YES;
				CLANG_ENABLE_OBJC_WEAK = YES;
				CLANG_WARN_BLOCK_CAPTURE_AUTORELEASING = YES;
				CLANG_WARN_BOOL_CONVERSION = YES;
				CLANG_WARN_COMMA = YES;
				CLANG_WARN_CONSTANT_CONVERSION = YES;
				CLANG_WARN_DEPRECATED_OBJC_IMPLEMENTATIONS = YES;
				CLANG_WARN_DIRECT_OBJC_ISA_USAGE = YES_ERROR;
				CLANG_WARN_DOCUMENTATION_COMMENTS = YES;
				CLANG_WARN_EMPTY_BODY = YES;
				CLANG_WARN_ENUM_CONVERSION = YES;
				CLANG_WARN_INFINITE_RECURSION = YES;
				CLANG_WARN_INT_CONVERSION = YES;
				CLANG_WARN_NON_LITERAL_NULL_CONVERSION = YES;
				CLANG_WARN_OBJC_IMPLICIT_RETAIN_SELF = YES;
				CLANG_WARN_OBJC_LITERAL_CONVERSION = YES;
				CLANG_WARN_OBJC_ROOT_CLASS = YES_ERROR;
				CLANG_WARN_QUOTED_INCLUDE_IN_FRAMEWORK_HEADER = YES;
				CLANG_WARN_RANGE_LOOP_ANALYSIS = YES;
				CLANG_WARN_STRICT_PROTOTYPES = YES;
				CLANG_WARN_SUSPICIOUS_MOVE = YES;
				CLANG_WARN_UNGUARDED_AVAILABILITY = YES_AGGRESSIVE;
				CLANG_WARN_UNREACHABLE_CODE = YES;
				CLANG_WARN__DUPLICATE_METHOD_MATCH = YES;
				COPY_PHASE_STRIP = NO;
				DEBUG_INFORMATION_FORMAT = "dwarf-with-dsym";
				ENABLE_NS_ASSERTIONS = NO;
				ENABLE_STRICT_OBJC_MSGSEND = YES;
				GCC_C_LANGUAGE_STANDARD = gnu11;
				GCC_NO_COMMON_BLOCKS = YES;
				GCC_WARN_64_TO_32_BIT_CONVERSION = YES;
				GCC_WARN_ABOUT_RETURN_TYPE = YES_ERROR;
				GCC_WARN_UNDECLARED_SELECTOR = YES;
				GCC_WARN_UNINITIALIZED_AUTOS = YES_AGGRESSIVE;
				GCC_WARN_UNUSED_FUNCTION = YES;
				GCC_WARN_UNUSED_VARIABLE = YES;
				INFOPLIST_KEY_CFBundleDisplayName = "오늘의 밥";
				IPHONEOS_DEPLOYMENT_TARGET = 16.2;
				MTL_ENABLE_DEBUG_INFO = NO;
				MTL_FAST_MATH = YES;
				SDKROOT = iphoneos;
				SWIFT_COMPILATION_MODE = wholemodule;
				SWIFT_OPTIMIZATION_LEVEL = "-O";
				VALIDATE_PRODUCT = YES;
			};
			name = Release;
		};
		BAA77F2529A6025E005E1DC2 /* Debug */ = {
			isa = XCBuildConfiguration;
			baseConfigurationReference = 3F21BD4778EB831395C29749 /* Pods-SimpleFoodRecommend.debug.xcconfig */;
			buildSettings = {
				ASSETCATALOG_COMPILER_APPICON_NAME = AppIcon;
				ASSETCATALOG_COMPILER_GLOBAL_ACCENT_COLOR_NAME = AccentColor;
				ASSETCATALOG_COMPILER_INCLUDE_ALL_APPICON_ASSETS = YES;
				CODE_SIGN_STYLE = Automatic;
				CURRENT_PROJECT_VERSION = 1;
				DEVELOPMENT_ASSET_PATHS = "\"SimpleFoodRecommend/Preview Content\"";
				DEVELOPMENT_TEAM = ZX8V36P46K;
				ENABLE_PREVIEWS = YES;
				GENERATE_INFOPLIST_FILE = YES;
				INFOPLIST_FILE = SimpleFoodRecommend/Info.plist;
				INFOPLIST_KEY_NSLocationAlwaysAndWhenInUseUsageDescription = "위치정보 권한이 필요합니다.";
				INFOPLIST_KEY_NSLocationAlwaysUsageDescription = "위치정보 권한이 필요합니다.";
				INFOPLIST_KEY_NSLocationWhenInUseUsageDescription = "위치정보 권한이 필요합니다.";
				INFOPLIST_KEY_UIApplicationSceneManifest_Generation = YES;
				INFOPLIST_KEY_UIApplicationSupportsIndirectInputEvents = YES;
				INFOPLIST_KEY_UILaunchScreen_Generation = YES;
				INFOPLIST_KEY_UILaunchStoryboardName = "Launch Screen.storyboard";
				INFOPLIST_KEY_UISupportedInterfaceOrientations_iPad = "UIInterfaceOrientationPortrait UIInterfaceOrientationPortraitUpsideDown UIInterfaceOrientationLandscapeLeft UIInterfaceOrientationLandscapeRight";
				INFOPLIST_KEY_UISupportedInterfaceOrientations_iPhone = "UIInterfaceOrientationPortrait UIInterfaceOrientationLandscapeLeft UIInterfaceOrientationLandscapeRight";
				LD_RUNPATH_SEARCH_PATHS = (
					"$(inherited)",
					"@executable_path/Frameworks",
				);
				MARKETING_VERSION = 1.0;
				PRODUCT_BUNDLE_IDENTIFIER = com.moon.SimpleFoodRecommend;
				PRODUCT_NAME = "$(TARGET_NAME)";
				SWIFT_EMIT_LOC_STRINGS = YES;
				SWIFT_VERSION = 5.0;
				TARGETED_DEVICE_FAMILY = "1,2";
			};
			name = Debug;
		};
		BAA77F2629A6025E005E1DC2 /* Release */ = {
			isa = XCBuildConfiguration;
			baseConfigurationReference = 267C4007B583A9BE5CF3087A /* Pods-SimpleFoodRecommend.release.xcconfig */;
			buildSettings = {
				ASSETCATALOG_COMPILER_APPICON_NAME = AppIcon;
				ASSETCATALOG_COMPILER_GLOBAL_ACCENT_COLOR_NAME = AccentColor;
				ASSETCATALOG_COMPILER_INCLUDE_ALL_APPICON_ASSETS = YES;
				CODE_SIGN_STYLE = Automatic;
				CURRENT_PROJECT_VERSION = 1;
				DEVELOPMENT_ASSET_PATHS = "\"SimpleFoodRecommend/Preview Content\"";
				DEVELOPMENT_TEAM = ZX8V36P46K;
				ENABLE_PREVIEWS = YES;
				GENERATE_INFOPLIST_FILE = YES;
				INFOPLIST_FILE = SimpleFoodRecommend/Info.plist;
				INFOPLIST_KEY_NSLocationAlwaysAndWhenInUseUsageDescription = "위치정보 권한이 필요합니다.";
				INFOPLIST_KEY_NSLocationAlwaysUsageDescription = "위치정보 권한이 필요합니다.";
				INFOPLIST_KEY_NSLocationWhenInUseUsageDescription = "위치정보 권한이 필요합니다.";
				INFOPLIST_KEY_UIApplicationSceneManifest_Generation = YES;
				INFOPLIST_KEY_UIApplicationSupportsIndirectInputEvents = YES;
				INFOPLIST_KEY_UILaunchScreen_Generation = YES;
				INFOPLIST_KEY_UILaunchStoryboardName = "Launch Screen.storyboard";
				INFOPLIST_KEY_UISupportedInterfaceOrientations_iPad = "UIInterfaceOrientationPortrait UIInterfaceOrientationPortraitUpsideDown UIInterfaceOrientationLandscapeLeft UIInterfaceOrientationLandscapeRight";
				INFOPLIST_KEY_UISupportedInterfaceOrientations_iPhone = "UIInterfaceOrientationPortrait UIInterfaceOrientationLandscapeLeft UIInterfaceOrientationLandscapeRight";
				LD_RUNPATH_SEARCH_PATHS = (
					"$(inherited)",
					"@executable_path/Frameworks",
				);
				MARKETING_VERSION = 1.0;
				PRODUCT_BUNDLE_IDENTIFIER = com.moon.SimpleFoodRecommend;
				PRODUCT_NAME = "$(TARGET_NAME)";
				SWIFT_EMIT_LOC_STRINGS = YES;
				SWIFT_VERSION = 5.0;
				TARGETED_DEVICE_FAMILY = "1,2";
			};
			name = Release;
		};
/* End XCBuildConfiguration section */

/* Begin XCConfigurationList section */
		BAA77F1129A6025D005E1DC2 /* Build configuration list for PBXProject "SimpleFoodRecommend" */ = {
			isa = XCConfigurationList;
			buildConfigurations = (
				BAA77F2229A6025E005E1DC2 /* Debug */,
				BAA77F2329A6025E005E1DC2 /* Release */,
			);
			defaultConfigurationIsVisible = 0;
			defaultConfigurationName = Release;
		};
		BAA77F2429A6025E005E1DC2 /* Build configuration list for PBXNativeTarget "SimpleFoodRecommend" */ = {
			isa = XCConfigurationList;
			buildConfigurations = (
				BAA77F2529A6025E005E1DC2 /* Debug */,
				BAA77F2629A6025E005E1DC2 /* Release */,
			);
			defaultConfigurationIsVisible = 0;
			defaultConfigurationName = Release;
		};
/* End XCConfigurationList section */
	};
	rootObject = BAA77F0E29A6025D005E1DC2 /* Project object */;
}
